{
  "requires": true,
  "lockfileVersion": 1,
  "dependencies": {
    "csv-parser": {
      "version": "3.0.0",
      "resolved": "https://registry.npmjs.org/csv-parser/-/csv-parser-3.0.0.tgz",
      "integrity": "sha512-s6OYSXAK3IdKqYO33y09jhypG/bSDHPuyCme/IdEHfWpLf/jKcpitVFyOC6UemgGk8v7Q5u2XE0vvwmanxhGlQ==",
      "requires": {
        "minimist": "^1.2.0"
      }
    },
    "csv-reader": {
      "version": "1.0.8",
      "resolved": "https://registry.npmjs.org/csv-reader/-/csv-reader-1.0.8.tgz",
      "integrity": "sha512-EK03OmXoet2dljwfJoY7/M6C+DmsthQgObpXfO6yCQ2HKNVSBd9uQ3TDzlfbfDhSn8mgmnPR2oEUftip3VihTw=="
    },
    "minimist": {
      "version": "1.2.5",
      "resolved": "https://registry.npmjs.org/minimist/-/minimist-1.2.5.tgz",
      "integrity": "sha512-FM9nNUYrRBAELZQT3xeZQ7fmMOBg6nWNmJKTcgsJeaLstP/UODVpGsr5OhXhhXg6f+qtJ8uiZ+PUxkDWcgIXLw=="
    }
  }
}
